
Microsoft Visual Studio Solution File, Format Version 12.00
# Visual Studio 15
VisualStudioVersion = 15.0.36617.4
MinimumVisualStudioVersion = 10.0.40219.1
Project("{FAE04EC0-301F-11D3-BF4B-00C04F79EFBC}") = "StoreManager", "StoreManager\StoreManager.csproj", "{A8E8205C-37F9-4661-8427-68DE9F9182D3}"
EndProject
Project("{54435603-DBB4-11D2-8724-00A0C9A8B90C}") = "StoreManagerSetup", "StoreManagerSetup\StoreManagerSetup.vdproj", "{B3AAE7DD-7499-4E38-A325-4C0D31824C62}"
EndProject
Global
	GlobalSection(SolutionConfigurationPlatforms) = preSolution
		Debug|Any CPU = Debug|Any CPU
		Release|Any CPU = Release|Any CPU
	EndGlobalSection
	GlobalSection(ProjectConfigurationPlatforms) = postSolution
		{A8E8205C-37F9-4661-8427-68DE9F9182D3}.Debug|Any CPU.ActiveCfg = Debug|Any CPU
		{A8E8205C-37F9-4661-8427-68DE9F9182D3}.Debug|Any CPU.Build.0 = Debug|Any CPU
		{A8E8205C-37F9-4661-8427-68DE9F9182D3}.Release|Any CPU.ActiveCfg = Release|Any CPU
		{A8E8205C-37F9-4661-8427-68DE9F9182D3}.Release|Any CPU.Build.0 = Release|Any CPU
		{B3AAE7DD-7499-4E38-A325-4C0D31824C62}.Debug|Any CPU.ActiveCfg = Debug
		{B3AAE7DD-7499-4E38-A325-4C0D31824C62}.Release|Any CPU.ActiveCfg = Release
	EndGlobalSection
	GlobalSection(SolutionProperties) = preSolution
		HideSolutionNode = FALSE
	EndGlobalSection
	GlobalSection(ExtensibilityGlobals) = postSolution
		SolutionGuid = {2A0403E7-F852-42D2-BF91-1F7FD05C98F4}
	EndGlobalSection
EndGlobal
